
Microsoft Visual Studio Solution File, Format Version 12.00
# Visual Studio Version 17
VisualStudioVersion = 17.9.34622.214
MinimumVisualStudioVersion = 10.0.40219.1
Project("{FAE04EC0-301F-11D3-BF4B-00C04F79EFBC}") = "user-crud-api", "user-crud-api.csproj", "{5477C178-3F26-45A4-91EB-D552F647C4FE}"
EndProject
Global
	GlobalSection(SolutionConfigurationPlatforms) = preSolution
		Debug|Any CPU = Debug|Any CPU
		Release|Any CPU = Release|Any CPU
	EndGlobalSection
	GlobalSection(ProjectConfigurationPlatforms) = postSolution
		{5477C178-3F26-45A4-91EB-D552F647C4FE}.Debug|Any CPU.ActiveCfg = Debug|Any CPU
		{5477C178-3F26-45A4-91EB-D552F647C4FE}.Debug|Any CPU.Build.0 = Debug|Any CPU
		{5477C178-3F26-45A4-91EB-D552F647C4FE}.Release|Any CPU.ActiveCfg = Release|Any CPU
		{5477C178-3F26-45A4-91EB-D552F647C4FE}.Release|Any CPU.Build.0 = Release|Any CPU
	EndGlobalSection
	GlobalSection(SolutionProperties) = preSolution
		HideSolutionNode = FALSE
	EndGlobalSection
	GlobalSection(ExtensibilityGlobals) = postSolution
		SolutionGuid = {5C29B276-6A7F-41AB-A2F3-0051707172A6}
	EndGlobalSection
EndGlobal
